
Microsoft Visual Studio Solution File, Format Version 12.00
# Visual Studio 15
VisualStudioVersion = 15.0.28010.2036
MinimumVisualStudioVersion = 10.0.40219.1
Project("{FAE04EC0-301F-11D3-BF4B-00C04F79EFBC}") = "SuperNoteApp", "SuperNoteApp\SuperNoteApp.csproj", "{13823518-F6D3-4CAC-A251-2569C3441FA7}"
EndProject
Global
	GlobalSection(SolutionConfigurationPlatforms) = preSolution
		Debug|Any CPU = Debug|Any CPU
		Release|Any CPU = Release|Any CPU
	EndGlobalSection
	GlobalSection(ProjectConfigurationPlatforms) = postSolution
		{13823518-F6D3-4CAC-A251-2569C3441FA7}.Debug|Any CPU.ActiveCfg = Debug|Any CPU
		{13823518-F6D3-4CAC-A251-2569C3441FA7}.Debug|Any CPU.Build.0 = Debug|Any CPU
		{13823518-F6D3-4CAC-A251-2569C3441FA7}.Release|Any CPU.ActiveCfg = Release|Any CPU
		{13823518-F6D3-4CAC-A251-2569C3441FA7}.Release|Any CPU.Build.0 = Release|Any CPU
	EndGlobalSection
	GlobalSection(SolutionProperties) = preSolution
		HideSolutionNode = FALSE
	EndGlobalSection
	GlobalSection(ExtensibilityGlobals) = postSolution
		SolutionGuid = {8E354E22-4C81-4880-8F52-DBD7BF1AFC1D}
	EndGlobalSection
EndGlobal
